
Microsoft Visual Studio Solution File, Format Version 12.00
# Visual Studio 15
VisualStudioVersion = 15.0.28307.329
MinimumVisualStudioVersion = 10.0.40219.1
Project("{FAE04EC0-301F-11D3-BF4B-00C04F79EFBC}") = "Kubectl", "Kubectl\Kubectl.csproj", "{60BE2780-8131-431C-B4C1-9D197313E146}"
EndProject
Global
	GlobalSection(SolutionConfigurationPlatforms) = preSolution
		Debug|Any CPU = Debug|Any CPU
		Release|Any CPU = Release|Any CPU
	EndGlobalSection
	GlobalSection(ProjectConfigurationPlatforms) = postSolution
		{60BE2780-8131-431C-B4C1-9D197313E146}.Debug|Any CPU.ActiveCfg = Debug|Any CPU
		{60BE2780-8131-431C-B4C1-9D197313E146}.Debug|Any CPU.Build.0 = Debug|Any CPU
		{60BE2780-8131-431C-B4C1-9D197313E146}.Release|Any CPU.ActiveCfg = Release|Any CPU
		{60BE2780-8131-431C-B4C1-9D197313E146}.Release|Any CPU.Build.0 = Release|Any CPU
	EndGlobalSection
	GlobalSection(SolutionProperties) = preSolution
		HideSolutionNode = FALSE
	EndGlobalSection
	GlobalSection(ExtensibilityGlobals) = postSolution
		SolutionGuid = {F4D05F9D-6E6C-47BC-BC21-4CE055F7070C}
	EndGlobalSection
EndGlobal
